Microsoft Visual Studio Solution File, Format Version 11.00
# Visual Studio 2008

Project("{FD510B32-EAB7-0FFF-89D6-95F4176F567F}") = "Narrow Escape", "Assembly-CSharp.csproj", "{EAEDF4A4-46B4-E8CE-36B7-E96AF49F8CAE}"
EndProject
Global
	GlobalSection(SolutionConfigurationPlatforms) = preSolution
		Debug|Any CPU = Debug|Any CPU
		Release|Any CPU = Release|Any CPU
	EndGlobalSection
	GlobalSection(ProjectConfigurationPlatforms) = postSolution
		{EAEDF4A4-46B4-E8CE-36B7-E96AF49F8CAE}.Debug|Any CPU.ActiveCfg = Debug|Any CPU
		{EAEDF4A4-46B4-E8CE-36B7-E96AF49F8CAE}.Debug|Any CPU.Build.0 = Debug|Any CPU
		{EAEDF4A4-46B4-E8CE-36B7-E96AF49F8CAE}.Release|Any CPU.ActiveCfg = Release|Any CPU
		{EAEDF4A4-46B4-E8CE-36B7-E96AF49F8CAE}.Release|Any CPU.Build.0 = Release|Any CPU
	EndGlobalSection
	GlobalSection(SolutionProperties) = preSolution
		HideSolutionNode = FALSE
	EndGlobalSection
	GlobalSection(MonoDevelopProperties) = preSolution
		StartupItem = Assembly-CSharp.csproj
	EndGlobalSection
EndGlobal
